
Microsoft Visual Studio Solution File, Format Version 12.00
# Visual Studio 15
Project("{FAE04EC0-301F-11D3-BF4B-00C04F79EFBC}") = "001-employee-app", "001-employee-app.csproj", "{168DBBE2-9583-416D-A0EB-84C07FE6E773}"
EndProject
Global
	GlobalSection(SolutionConfigurationPlatforms) = preSolution
		Debug|Any CPU = Debug|Any CPU
		Release|Any CPU = Release|Any CPU
	EndGlobalSection
	GlobalSection(ProjectConfigurationPlatforms) = postSolution
		{168DBBE2-9583-416D-A0EB-84C07FE6E773}.Debug|Any CPU.ActiveCfg = Debug|Any CPU
		{168DBBE2-9583-416D-A0EB-84C07FE6E773}.Debug|Any CPU.Build.0 = Debug|Any CPU
		{168DBBE2-9583-416D-A0EB-84C07FE6E773}.Release|Any CPU.ActiveCfg = Release|Any CPU
		{168DBBE2-9583-416D-A0EB-84C07FE6E773}.Release|Any CPU.Build.0 = Release|Any CPU
	EndGlobalSection
EndGlobal
